// !$*UTF8*$!
{
	archiveVersion = 1;
	classes = {
	};
	objectVersion = 50;
	objects = {

/* Begin PBXBuildFile section */
		05BDFF1ADA5CC4FB9D42ADBF /* Pods_DogeTrack.framework in Frameworks */ = {isa = PBXBuildFile; fileRef = 8D58D869594ECCFF7DC9C12D /* Pods_DogeTrack.framework */; };
		9B554EAF21AC0BA800783881 /* AppDelegate.swift in Sources */ = {isa = PBXBuildFile; fileRef = 9B554EAE21AC0BA800783881 /* AppDelegate.swift */; };
		9B554EB121AC0BA800783881 /* ViewController.swift in Sources */ = {isa = PBXBuildFile; fileRef = 9B554EB021AC0BA800783881 /* ViewController.swift */; };
		9B554EB421AC0BA800783881 /* Main.storyboard in Resources */ = {isa = PBXBuildFile; fileRef = 9B554EB221AC0BA800783881 /* Main.storyboard */; };
		9B554EB621AC0BAA00783881 /* Assets.xcassets in Resources */ = {isa = PBXBuildFile; fileRef = 9B554EB521AC0BAA00783881 /* Assets.xcassets */; };
		9B554EB921AC0BAA00783881 /* LaunchScreen.storyboard in Resources */ = {isa = PBXBuildFile; fileRef = 9B554EB721AC0BAA00783881 /* LaunchScreen.storyboard */; };
/* End PBXBuildFile section */

/* Begin PBXFileReference section */
		8D58D869594ECCFF7DC9C12D /* Pods_DogeTrack.framework */ = {isa = PBXFileReference; explicitFileType = wrapper.framework; includeInIndex = 0; path = Pods_DogeTrack.framework; sourceTree = BUILT_PRODUCTS_DIR; };
		9B554EAB21AC0BA800783881 /* DogeTrack.app */ = {isa = PBXFileReference; explicitFileType = wrapper.application; includeInIndex = 0; path = DogeTrack.app; sourceTree = BUILT_PRODUCTS_DIR; };
		9B554EAE21AC0BA800783881 /* AppDelegate.swift */ = {isa = PBXFileReference; lastKnownFileType = sourcecode.swift; path = AppDelegate.swift; sourceTree = "<group>"; };
		9B554EB021AC0BA800783881 /* ViewController.swift */ = {isa = PBXFileReference; lastKnownFileType = sourcecode.swift; path = ViewController.swift; sourceTree = "<group>"; };
		9B554EB321AC0BA800783881 /* Base */ = {isa = PBXFileReference; lastKnownFileType = file.storyboard; name = Base; path = Base.lproj/Main.storyboard; sourceTree = "<group>"; };
		9B554EB521AC0BAA00783881 /* Assets.xcassets */ = {isa = PBXFileReference; lastKnownFileType = folder.assetcatalog; path = Assets.xcassets; sourceTree = "<group>"; };
		9B554EB821AC0BAA00783881 /* Base */ = {isa = PBXFileReference; lastKnownFileType = file.storyboard; name = Base; path = Base.lproj/LaunchScreen.storyboard; sourceTree = "<group>"; };
		9B554EBA21AC0BAA00783881 /* Info.plist */ = {isa = PBXFileReference; lastKnownFileType = text.plist.xml; path = Info.plist; sourceTree = "<group>"; };
		C109C532BC75B339576AF9B0 /* Pods-DogeTrack.release.xcconfig */ = {isa = PBXFileReference; includeInIndex = 1; lastKnownFileType = text.xcconfig; name = "Pods-DogeTrack.release.xcconfig"; path = "Pods/Target Support Files/Pods-DogeTrack/Pods-DogeTrack.release.xcconfig"; sourceTree = "<group>"; };
		F6EA7FDCE514A78FC30FFAFD /* Pods-DogeTrack.debug.xcconfig */ = {isa = PBXFileReference; includeInIndex = 1; lastKnownFileType = text.xcconfig; name = "Pods-DogeTrack.debug.xcconfig"; path = "Pods/Target Support Files/Pods-DogeTrack/Pods-DogeTrack.debug.xcconfig"; sourceTree = "<group>"; };
/* End PBXFileReference section */

/* Begin PBXFrameworksBuildPhase section */
		9B554EA821AC0BA800783881 /* Frameworks */ = {
			isa = PBXFrameworksBuildPhase;
			buildActionMask = 2147483647;
			files = (
				05BDFF1ADA5CC4FB9D42ADBF /* Pods_DogeTrack.framework in Frameworks */,
			);
			runOnlyForDeploymentPostprocessing = 0;
		};
/* End PBXFrameworksBuildPhase section */

/* Begin PBXGroup section */
		31B3E218FC354DF37B5B7373 /* Pods */ = {
			isa = PBXGroup;
			children = (
				F6EA7FDCE514A78FC30FFAFD /* Pods-DogeTrack.debug.xcconfig */,
				C109C532BC75B339576AF9B0 /* Pods-DogeTrack.release.xcconfig */,
			);
			name = Pods;
			sourceTree = "<group>";
		};
		7DD9FF6BC3A6B6B453B3B9F6 /* Frameworks */ = {
			isa = PBXGroup;
			children = (
				8D58D869594ECCFF7DC9C12D /* Pods_DogeTrack.framework */,
			);
			name = Frameworks;
			sourceTree = "<group>";
		};
		9B554EA221AC0BA800783881 = {
			isa = PBXGroup;
			children = (
				9B554EAD21AC0BA800783881 /* DogeTrack */,
				9B554EAC21AC0BA800783881 /* Products */,
				31B3E218FC354DF37B5B7373 /* Pods */,
				7DD9FF6BC3A6B6B453B3B9F6 /* Frameworks */,
			);
			sourceTree = "<group>";
		};
		9B554EAC21AC0BA800783881 /* Products */ = {
			isa = PBXGroup;
			children = (
				9B554EAB21AC0BA800783881 /* DogeTrack.app */,
			);
			name = Products;
			sourceTree = "<group>";
		};
		9B554EAD21AC0BA800783881 /* DogeTrack */ = {
			isa = PBXGroup;
			children = (
				9B554EAE21AC0BA800783881 /* AppDelegate.swift */,
				9B554EB021AC0BA800783881 /* ViewController.swift */,
				9B554EB221AC0BA800783881 /* Main.storyboard */,
				9B554EB521AC0BAA00783881 /* Assets.xcassets */,
				9B554EB721AC0BAA00783881 /* LaunchScreen.storyboard */,
				9B554EBA21AC0BAA00783881 /* Info.plist */,
			);
			path = DogeTrack;
			sourceTree = "<group>";
		};
/* End PBXGroup section */

/* Begin PBXNativeTarget section */
		9B554EAA21AC0BA800783881 /* DogeTrack */ = {
			isa = PBXNativeTarget;
			buildConfigurationList = 9B554EBD21AC0BAA00783881 /* Build configuration list for PBXNativeTarget "DogeTrack" */;
			buildPhases = (
				3A53976508EBC1688E408FE9 /* [CP] Check Pods Manifest.lock */,
				9B554EA721AC0BA800783881 /* Sources */,
				9B554EA821AC0BA800783881 /* Frameworks */,
				9B554EA921AC0BA800783881 /* Resources */,
				E6EAEA7166FC4577710B912C /* [CP] Embed Pods Frameworks */,
			);
			buildRules = (
			);
			dependencies = (
			);
			name = DogeTrack;
			productName = DogeTrack;
			productReference = 9B554EAB21AC0BA800783881 /* DogeTrack.app */;
			productType = "com.apple.product-type.application";
		};
/* End PBXNativeTarget section */

/* Begin PBXProject section */
		9B554EA321AC0BA800783881 /* Project object */ = {
			isa = PBXProject;
			attributes = {
				LastSwiftUpdateCheck = 1010;
				LastUpgradeCheck = 1010;
				ORGANIZATIONNAME = "Jakub Minkiewicz";
				TargetAttributes = {
					9B554EAA21AC0BA800783881 = {
						CreatedOnToolsVersion = 10.1;
					};
				};
			};
			buildConfigurationList = 9B554EA621AC0BA800783881 /* Build configuration list for PBXProject "DogeTrack" */;
			compatibilityVersion = "Xcode 9.3";
			developmentRegion = en;
			hasScannedForEncodings = 0;
			knownRegions = (
				en,
				Base,
			);
			mainGroup = 9B554EA221AC0BA800783881;
			productRefGroup = 9B554EAC21AC0BA800783881 /* Products */;
			projectDirPath = "";
			projectRoot = "";
			targets = (
				9B554EAA21AC0BA800783881 /* DogeTrack */,
			);
		};
/* End PBXProject section */

/* Begin PBXResourcesBuildPhase section */
		9B554EA921AC0BA800783881 /* Resources */ = {
			isa = PBXResourcesBuildPhase;
			buildActionMask = 2147483647;
			files = (
				9B554EB921AC0BAA00783881 /* LaunchScreen.storyboard in Resources */,
				9B554EB621AC0BAA00783881 /* Assets.xcassets in Resources */,
				9B554EB421AC0BA800783881 /* Main.storyboard in Resources */,
			);
			runOnlyForDeploymentPostprocessing = 0;
		};
/* End PBXResourcesBuildPhase section */

/* Begin PBXShellScriptBuildPhase section */
		3A53976508EBC1688E408FE9 /* [CP] Check Pods Manifest.lock */ = {
			isa = PBXShellScriptBuildPhase;
			buildActionMask = 2147483647;
			files = (
			);
			inputFileListPaths = (
			);
			inputPaths = (
				"${PODS_PODFILE_DIR_PATH}/Podfile.lock",
				"${PODS_ROOT}/Manifest.lock",
			);
			name = "[CP] Check Pods Manifest.lock";
			outputFileListPaths = (
			);
			outputPaths = (
				"$(DERIVED_FILE_DIR)/Pods-DogeTrack-checkManifestLockResult.txt",
			);
			runOnlyForDeploymentPostprocessing = 0;
			shellPath = /bin/sh;
			shellScript = "diff \"${PODS_PODFILE_DIR_PATH}/Podfile.lock\" \"${PODS_ROOT}/Manifest.lock\" > /dev/null\nif [ $? != 0 ] ; then\n    # print error to STDERR\n    echo \"error: The sandbox is not in sync with the Podfile.lock. Run 'pod install' or update your CocoaPods installation.\" >&2\n    exit 1\nfi\n# This output is used by Xcode 'outputs' to avoid re-running this script phase.\necho \"SUCCESS\" > \"${SCRIPT_OUTPUT_FILE_0}\"\n";
			showEnvVarsInLog = 0;
		};
		E6EAEA7166FC4577710B912C /* [CP] Embed Pods Frameworks */ = {
			isa = PBXShellScriptBuildPhase;
			buildActionMask = 2147483647;
			files = (
			);
			inputFileListPaths = (
			);
			inputPaths = (
				"${SRCROOT}/Pods/Target Support Files/Pods-DogeTrack/Pods-DogeTrack-frameworks.sh",
				"${BUILT_PRODUCTS_DIR}/Alamofire/Alamofire.framework",
				"${BUILT_PRODUCTS_DIR}/MarqueeLabel/MarqueeLabel.framework",
				"${BUILT_PRODUCTS_DIR}/NotificationBannerSwift/NotificationBannerSwift.framework",
				"${BUILT_PRODUCTS_DIR}/SnapKit/SnapKit.framework",
				"${BUILT_PRODUCTS_DIR}/SwiftyJSON/SwiftyJSON.framework",
			);
			name = "[CP] Embed Pods Frameworks";
			outputFileListPaths = (
			);
			outputPaths = (
				"${TARGET_BUILD_DIR}/${FRAMEWORKS_FOLDER_PATH}/Alamofire.framework",
				"${TARGET_BUILD_DIR}/${FRAMEWORKS_FOLDER_PATH}/MarqueeLabel.framework",
				"${TARGET_BUILD_DIR}/${FRAMEWORKS_FOLDER_PATH}/NotificationBannerSwift.framework",
				"${TARGET_BUILD_DIR}/${FRAMEWORKS_FOLDER_PATH}/SnapKit.framework",
				"${TARGET_BUILD_DIR}/${FRAMEWORKS_FOLDER_PATH}/SwiftyJSON.framework",
			);
			runOnlyForDeploymentPostprocessing = 0;
			shellPath = /bin/sh;
			shellScript = "\"${SRCROOT}/Pods/Target Support Files/Pods-DogeTrack/Pods-DogeTrack-frameworks.sh\"\n";
			showEnvVarsInLog = 0;
		};
/* End PBXShellScriptBuildPhase section */

/* Begin PBXSourcesBuildPhase section */
		9B554EA721AC0BA800783881 /* Sources */ = {
			isa = PBXSourcesBuildPhase;
			buildActionMask = 2147483647;
			files = (
				9B554EB121AC0BA800783881 /* ViewController.swift in Sources */,
				9B554EAF21AC0BA800783881 /* AppDelegate.swift in Sources */,
			);
			runOnlyForDeploymentPostprocessing = 0;
		};
/* End PBXSourcesBuildPhase section */

/* Begin PBXVariantGroup section */
		9B554EB221AC0BA800783881 /* Main.storyboard */ = {
			isa = PBXVariantGroup;
			children = (
				9B554EB321AC0BA800783881 /* Base */,
			);
			name = Main.storyboard;
			sourceTree = "<group>";
		};
		9B554EB721AC0BAA00783881 /* LaunchScreen.storyboard */ = {
			isa = PBXVariantGroup;
			children = (
				9B554EB821AC0BAA00783881 /* Base */,
			);
			name = LaunchScreen.storyboard;
			sourceTree = "<group>";
		};
/* End PBXVariantGroup section */

/* Begin XCBuildConfiguration section */
		9B554EBB21AC0BAA00783881 /* Debug */ = {
			isa = XCBuildConfiguration;
			buildSettings = {
				ALWAYS_SEARCH_USER_PATHS = NO;
				CLANG_ANALYZER_NONNULL = YES;
				CLANG_ANALYZER_NUMBER_OBJECT_CONVERSION = YES_AGGRESSIVE;
				CLANG_CXX_LANGUAGE_STANDARD = "gnu++14";
				CLANG_CXX_LIBRARY = "libc++";
				CLANG_ENABLE_MODULES = YES;
				CLANG_ENABLE_OBJC_ARC = YES;
				CLANG_ENABLE_OBJC_WEAK = YES;
				CLANG_WARN_BLOCK_CAPTURE_AUTORELEASING = YES;
				CLANG_WARN_BOOL_CONVERSION = YES;
				CLANG_WARN_COMMA = YES;
				CLANG_WARN_CONSTANT_CONVERSION = YES;
				CLANG_WARN_DEPRECATED_OBJC_IMPLEMENTATIONS = YES;
				CLANG_WARN_DIRECT_OBJC_ISA_USAGE = YES_ERROR;
				CLANG_WARN_DOCUMENTATION_COMMENTS = YES;
				CLANG_WARN_EMPTY_BODY = YES;
				CLANG_WARN_ENUM_CONVERSION = YES;
				CLANG_WARN_INFINITE_RECURSION = YES;
				CLANG_WARN_INT_CONVERSION = YES;
				CLANG_WARN_NON_LITERAL_NULL_CONVERSION = YES;
				CLANG_WARN_OBJC_IMPLICIT_RETAIN_SELF = YES;
				CLANG_WARN_OBJC_LITERAL_CONVERSION = YES;
				CLANG_WARN_OBJC_ROOT_CLASS = YES_ERROR;
				CLANG_WARN_RANGE_LOOP_ANALYSIS = YES;
				CLANG_WARN_STRICT_PROTOTYPES = YES;
				CLANG_WARN_SUSPICIOUS_MOVE = YES;
				CLANG_WARN_UNGUARDED_AVAILABILITY = YES_AGGRESSIVE;
				CLANG_WARN_UNREACHABLE_CODE = YES;
				CLANG_WARN__DUPLICATE_METHOD_MATCH = YES;
				CODE_SIGN_IDENTITY = "iPhone Developer";
				COPY_PHASE_STRIP = NO;
				DEBUG_INFORMATION_FORMAT = dwarf;
				ENABLE_STRICT_OBJC_MSGSEND = YES;
				ENABLE_TESTABILITY = YES;
				GCC_C_LANGUAGE_STANDARD = gnu11;
				GCC_DYNAMIC_NO_PIC = NO;
				GCC_NO_COMMON_BLOCKS = YES;
				GCC_OPTIMIZATION_LEVEL = 0;
				GCC_PREPROCESSOR_DEFINITIONS = (
					"DEBUG=1",
					"$(inherited)",
				);
				GCC_WARN_64_TO_32_BIT_CONVERSION = YES;
				GCC_WARN_ABOUT_RETURN_TYPE = YES_ERROR;
				GCC_WARN_UNDECLARED_SELECTOR = YES;
				GCC_WARN_UNINITIALIZED_AUTOS = YES_AGGRESSIVE;
				GCC_WARN_UNUSED_FUNCTION = YES;
				GCC_WARN_UNUSED_VARIABLE = YES;
				IPHONEOS_DEPLOYMENT_TARGET = 12.1;
				MTL_ENABLE_DEBUG_INFO = INCLUDE_SOURCE;
				MTL_FAST_MATH = YES;
				ONLY_ACTIVE_ARCH = YES;
				SDKROOT = iphoneos;
				SWIFT_ACTIVE_COMPILATION_CONDITIONS = DEBUG;
				SWIFT_OPTIMIZATION_LEVEL = "-Onone";
			};
			name = Debug;
		};
		9B554EBC21AC0BAA00783881 /* Release */ = {
			isa = XCBuildConfiguration;
			buildSettings = {
				ALWAYS_SEARCH_USER_PATHS = NO;
				CLANG_ANALYZER_NONNULL = YES;
				CLANG_ANALYZER_NUMBER_OBJECT_CONVERSION = YES_AGGRESSIVE;
				CLANG_CXX_LANGUAGE_STANDARD = "gnu++14";
				CLANG_CXX_LIBRARY = "libc++";
				CLANG_ENABLE_MODULES = YES;
				CLANG_ENABLE_OBJC_ARC = YES;
				CLANG_ENABLE_OBJC_WEAK = YES;
				CLANG_WARN_BLOCK_CAPTURE_AUTORELEASING = YES;
				CLANG_WARN_BOOL_CONVERSION = YES;
				CLANG_WARN_COMMA = YES;
				CLANG_WARN_CONSTANT_CONVERSION = YES;
				CLANG_WARN_DEPRECATED_OBJC_IMPLEMENTATIONS = YES;
				CLANG_WARN_DIRECT_OBJC_ISA_USAGE = YES_ERROR;
				CLANG_WARN_DOCUMENTATION_COMMENTS = YES;
				CLANG_WARN_EMPTY_BODY = YES;
				CLANG_WARN_ENUM_CONVERSION = YES;
				CLANG_WARN_INFINITE_RECURSION = YES;
				CLANG_WARN_INT_CONVERSION = YES;
				CLANG_WARN_NON_LITERAL_NULL_CONVERSION = YES;
				CLANG_WARN_OBJC_IMPLICIT_RETAIN_SELF = YES;
				CLANG_WARN_OBJC_LITERAL_CONVERSION = YES;
				CLANG_WARN_OBJC_ROOT_CLASS = YES_ERROR;
				CLANG_WARN_RANGE_LOOP_ANALYSIS = YES;
				CLANG_WARN_STRICT_PROTOTYPES = YES;
				CLANG_WARN_SUSPICIOUS_MOVE = YES;
				CLANG_WARN_UNGUARDED_AVAILABILITY = YES_AGGRESSIVE;
				CLANG_WARN_UNREACHABLE_CODE = YES;
				CLANG_WARN__DUPLICATE_METHOD_MATCH = YES;
				CODE_SIGN_IDENTITY = "iPhone Developer";
				COPY_PHASE_STRIP = NO;
				DEBUG_INFORMATION_FORMAT = "dwarf-with-dsym";
				ENABLE_NS_ASSERTIONS = NO;
				ENABLE_STRICT_OBJC_MSGSEND = YES;
				GCC_C_LANGUAGE_STANDARD = gnu11;
				GCC_NO_COMMON_BLOCKS = YES;
				GCC_WARN_64_TO_32_BIT_CONVERSION = YES;
				GCC_WARN_ABOUT_RETURN_TYPE = YES_ERROR;
				GCC_WARN_UNDECLARED_SELECTOR = YES;
				GCC_WARN_UNINITIALIZED_AUTOS = YES_AGGRESSIVE;
				GCC_WARN_UNUSED_FUNCTION = YES;
				GCC_WARN_UNUSED_VARIABLE = YES;
				IPHONEOS_DEPLOYMENT_TARGET = 12.1;
				MTL_ENABLE_DEBUG_INFO = NO;
				MTL_FAST_MATH = YES;
				SDKROOT = iphoneos;
				SWIFT_COMPILATION_MODE = wholemodule;
				SWIFT_OPTIMIZATION_LEVEL = "-O";
				VALIDATE_PRODUCT = YES;
			};
			name = Release;
		};
		9B554EBE21AC0BAA00783881 /* Debug */ = {
			isa = XCBuildConfiguration;
			baseConfigurationReference = F6EA7FDCE514A78FC30FFAFD /* Pods-DogeTrack.debug.xcconfig */;
			buildSettings = {
				ASSETCATALOG_COMPILER_APPICON_NAME = AppIcon;
				CODE_SIGN_STYLE = Automatic;
				DEVELOPMENT_TEAM = PXXKMAM2G7;
				INFOPLIST_FILE = DogeTrack/Info.plist;
				IPHONEOS_DEPLOYMENT_TARGET = 10.0;
				LD_RUNPATH_SEARCH_PATHS = (
					"$(inherited)",
					"@executable_path/Frameworks",
				);
				PRODUCT_BUNDLE_IDENTIFIER = uk.lolltd.DogeTrack;
				PRODUCT_NAME = "$(TARGET_NAME)";
				SWIFT_VERSION = 4.2;
				TARGETED_DEVICE_FAMILY = 1;
			};
			name = Debug;
		};
		9B554EBF21AC0BAA00783881 /* Release */ = {
			isa = XCBuildConfiguration;
			baseConfigurationReference = C109C532BC75B339576AF9B0 /* Pods-DogeTrack.release.xcconfig */;
			buildSettings = {
				ASSETCATALOG_COMPILER_APPICON_NAME = AppIcon;
				CODE_SIGN_STYLE = Automatic;
				DEVELOPMENT_TEAM = PXXKMAM2G7;
				INFOPLIST_FILE = DogeTrack/Info.plist;
				IPHONEOS_DEPLOYMENT_TARGET = 10.0;
				LD_RUNPATH_SEARCH_PATHS = (
					"$(inherited)",
					"@executable_path/Frameworks",
				);
				PRODUCT_BUNDLE_IDENTIFIER = uk.lolltd.DogeTrack;
				PRODUCT_NAME = "$(TARGET_NAME)";
				SWIFT_VERSION = 4.2;
				TARGETED_DEVICE_FAMILY = 1;
			};
			name = Release;
		};
/* End XCBuildConfiguration section */

/* Begin XCConfigurationList section */
		9B554EA621AC0BA800783881 /* Build configuration list for PBXProject "DogeTrack" */ = {
			isa = XCConfigurationList;
			buildConfigurations = (
				9B554EBB21AC0BAA00783881 /* Debug */,
				9B554EBC21AC0BAA00783881 /* Release */,
			);
			defaultConfigurationIsVisible = 0;
			defaultConfigurationName = Release;
		};
		9B554EBD21AC0BAA00783881 /* Build configuration list for PBXNativeTarget "DogeTrack" */ = {
			isa = XCConfigurationList;
			buildConfigurations = (
				9B554EBE21AC0BAA00783881 /* Debug */,
				9B554EBF21AC0BAA00783881 /* Release */,
			);
			defaultConfigurationIsVisible = 0;
			defaultConfigurationName = Release;
		};
/* End XCConfigurationList section */
	};
	rootObject = 9B554EA321AC0BA800783881 /* Project object */;
}
